
Microsoft Visual Studio Solution File, Format Version 12.00
# Visual Studio Version 17
VisualStudioVersion = 17.14.36301.6
MinimumVisualStudioVersion = 10.0.40219.1
Project("{FAE04EC0-301F-11D3-BF4B-00C04F79EFBC}") = "Company.Ass.PL", "Company.Ass.PL\Company.Ass.PL.csproj", "{07CB369C-DA93-4E0C-8AC0-A4640818EB6B}"
EndProject
Project("{FAE04EC0-301F-11D3-BF4B-00C04F79EFBC}") = "Company.Ass.DAL", "Company.Ass.DAL\Company.Ass.DAL.csproj", "{0489922D-2F65-4E31-9016-C03D8B99A87E}"
EndProject
Project("{FAE04EC0-301F-11D3-BF4B-00C04F79EFBC}") = "Company.Ass.BLL", "Company.Ass.BLL\Company.Ass.BLL.csproj", "{456326D0-D715-4B4E-AB38-A7859F42F59B}"
EndProject
Global
	GlobalSection(SolutionConfigurationPlatforms) = preSolution
		Debug|Any CPU = Debug|Any CPU
		Release|Any CPU = Release|Any CPU
	EndGlobalSection
	GlobalSection(ProjectConfigurationPlatforms) = postSolution
		{07CB369C-DA93-4E0C-8AC0-A4640818EB6B}.Debug|Any CPU.ActiveCfg = Debug|Any CPU
		{07CB369C-DA93-4E0C-8AC0-A4640818EB6B}.Debug|Any CPU.Build.0 = Debug|Any CPU
		{07CB369C-DA93-4E0C-8AC0-A4640818EB6B}.Release|Any CPU.ActiveCfg = Release|Any CPU
		{07CB369C-DA93-4E0C-8AC0-A4640818EB6B}.Release|Any CPU.Build.0 = Release|Any CPU
		{0489922D-2F65-4E31-9016-C03D8B99A87E}.Debug|Any CPU.ActiveCfg = Debug|Any CPU
		{0489922D-2F65-4E31-9016-C03D8B99A87E}.Debug|Any CPU.Build.0 = Debug|Any CPU
		{0489922D-2F65-4E31-9016-C03D8B99A87E}.Release|Any CPU.ActiveCfg = Release|Any CPU
		{0489922D-2F65-4E31-9016-C03D8B99A87E}.Release|Any CPU.Build.0 = Release|Any CPU
		{456326D0-D715-4B4E-AB38-A7859F42F59B}.Debug|Any CPU.ActiveCfg = Debug|Any CPU
		{456326D0-D715-4B4E-AB38-A7859F42F59B}.Debug|Any CPU.Build.0 = Debug|Any CPU
		{456326D0-D715-4B4E-AB38-A7859F42F59B}.Release|Any CPU.ActiveCfg = Release|Any CPU
		{456326D0-D715-4B4E-AB38-A7859F42F59B}.Release|Any CPU.Build.0 = Release|Any CPU
	EndGlobalSection
	GlobalSection(SolutionProperties) = preSolution
		HideSolutionNode = FALSE
	EndGlobalSection
	GlobalSection(ExtensibilityGlobals) = postSolution
		SolutionGuid = {2492C6C5-97C4-4349-99E9-C20BC09A69B3}
	EndGlobalSection
EndGlobal
